
Microsoft Visual Studio Solution File, Format Version 12.00
Project("{FAE04EC0-301F-11D3-BF4B-00C04F79EFBC}") = "WebGroupProject", "WebGroupProject\WebGroupProject.csproj", "{B5B1744D-3701-44ED-B83D-D71F51CD32A3}"
EndProject
Global
	GlobalSection(SolutionConfigurationPlatforms) = preSolution
		Debug|Any CPU = Debug|Any CPU
		Release|Any CPU = Release|Any CPU
	EndGlobalSection
	GlobalSection(ProjectConfigurationPlatforms) = postSolution
		{B5B1744D-3701-44ED-B83D-D71F51CD32A3}.Debug|Any CPU.ActiveCfg = Debug|Any CPU
		{B5B1744D-3701-44ED-B83D-D71F51CD32A3}.Debug|Any CPU.Build.0 = Debug|Any CPU
		{B5B1744D-3701-44ED-B83D-D71F51CD32A3}.Release|Any CPU.ActiveCfg = Release|Any CPU
		{B5B1744D-3701-44ED-B83D-D71F51CD32A3}.Release|Any CPU.Build.0 = Release|Any CPU
	EndGlobalSection
EndGlobal
